
Microsoft Visual Studio Solution File, Format Version 12.00
# Visual Studio Version 17
VisualStudioVersion = 17.2.32526.322
MinimumVisualStudioVersion = 10.0.40219.1
Project("{FAE04EC0-301F-11D3-BF4B-00C04F79EFBC}") = "fissilePairs", "fissilePairs.csproj", "{9E9C91C7-C33C-44FB-9BF1-7008468F7526}"
EndProject
Global
	GlobalSection(SolutionConfigurationPlatforms) = preSolution
		Debug|Any CPU = Debug|Any CPU
		Release|Any CPU = Release|Any CPU
	EndGlobalSection
	GlobalSection(ProjectConfigurationPlatforms) = postSolution
		{9E9C91C7-C33C-44FB-9BF1-7008468F7526}.Debug|Any CPU.ActiveCfg = Debug|Any CPU
		{9E9C91C7-C33C-44FB-9BF1-7008468F7526}.Debug|Any CPU.Build.0 = Debug|Any CPU
		{9E9C91C7-C33C-44FB-9BF1-7008468F7526}.Release|Any CPU.ActiveCfg = Release|Any CPU
		{9E9C91C7-C33C-44FB-9BF1-7008468F7526}.Release|Any CPU.Build.0 = Release|Any CPU
	EndGlobalSection
	GlobalSection(SolutionProperties) = preSolution
		HideSolutionNode = FALSE
	EndGlobalSection
	GlobalSection(ExtensibilityGlobals) = postSolution
		SolutionGuid = {4C505D92-D048-4EF3-BD60-19B7F3CF4F0B}
	EndGlobalSection
EndGlobal
